
Microsoft Visual Studio Solution File, Format Version 12.00
# Visual Studio Version 17
VisualStudioVersion = 17.6.33801.468
MinimumVisualStudioVersion = 10.0.40219.1
Project("{FAE04EC0-301F-11D3-BF4B-00C04F79EFBC}") = "ClamAV", "ClamAV\ClamAV.csproj", "{A193DC8B-0350-4C27-BC46-D8A4C9E2FADD}"
EndProject
Project("{FAE04EC0-301F-11D3-BF4B-00C04F79EFBC}") = "nClam", "nClam\nClam.csproj", "{86392CDB-27CC-4121-A5A8-6A8894B329D3}"
EndProject
Global
	GlobalSection(SolutionConfigurationPlatforms) = preSolution
		Debug|Any CPU = Debug|Any CPU
		Release|Any CPU = Release|Any CPU
	EndGlobalSection
	GlobalSection(ProjectConfigurationPlatforms) = postSolution
		{A193DC8B-0350-4C27-BC46-D8A4C9E2FADD}.Debug|Any CPU.ActiveCfg = Debug|Any CPU
		{A193DC8B-0350-4C27-BC46-D8A4C9E2FADD}.Debug|Any CPU.Build.0 = Debug|Any CPU
		{A193DC8B-0350-4C27-BC46-D8A4C9E2FADD}.Release|Any CPU.ActiveCfg = Release|Any CPU
		{A193DC8B-0350-4C27-BC46-D8A4C9E2FADD}.Release|Any CPU.Build.0 = Release|Any CPU
		{86392CDB-27CC-4121-A5A8-6A8894B329D3}.Debug|Any CPU.ActiveCfg = Debug|Any CPU
		{86392CDB-27CC-4121-A5A8-6A8894B329D3}.Debug|Any CPU.Build.0 = Debug|Any CPU
		{86392CDB-27CC-4121-A5A8-6A8894B329D3}.Release|Any CPU.ActiveCfg = Release|Any CPU
		{86392CDB-27CC-4121-A5A8-6A8894B329D3}.Release|Any CPU.Build.0 = Release|Any CPU
	EndGlobalSection
	GlobalSection(SolutionProperties) = preSolution
		HideSolutionNode = FALSE
	EndGlobalSection
	GlobalSection(ExtensibilityGlobals) = postSolution
		SolutionGuid = {2D39A42B-355C-454C-9093-C7F855DD340F}
	EndGlobalSection
EndGlobal
